
Microsoft Visual Studio Solution File, Format Version 12.00
# Visual Studio Version 17
VisualStudioVersion = 17.8.34316.72
MinimumVisualStudioVersion = 10.0.40219.1
Project("{FAE04EC0-301F-11D3-BF4B-00C04F79EFBC}") = "SecCam", "SecCam\SecCam.csproj", "{9BA0729C-657C-4858-8AE3-C87BE2CA6C32}"
EndProject
Global
	GlobalSection(SolutionConfigurationPlatforms) = preSolution
		Debug|Any CPU = Debug|Any CPU
		Release|Any CPU = Release|Any CPU
	EndGlobalSection
	GlobalSection(ProjectConfigurationPlatforms) = postSolution
		{9BA0729C-657C-4858-8AE3-C87BE2CA6C32}.Debug|Any CPU.ActiveCfg = Debug|Any CPU
		{9BA0729C-657C-4858-8AE3-C87BE2CA6C32}.Debug|Any CPU.Build.0 = Debug|Any CPU
		{9BA0729C-657C-4858-8AE3-C87BE2CA6C32}.Release|Any CPU.ActiveCfg = Release|Any CPU
		{9BA0729C-657C-4858-8AE3-C87BE2CA6C32}.Release|Any CPU.Build.0 = Release|Any CPU
	EndGlobalSection
	GlobalSection(SolutionProperties) = preSolution
		HideSolutionNode = FALSE
	EndGlobalSection
	GlobalSection(ExtensibilityGlobals) = postSolution
		SolutionGuid = {64B1592C-641F-4C4F-AC42-2AA19F286C1E}
	EndGlobalSection
EndGlobal
